// !$*UTF8*$!
{
	archiveVersion = 1;
	classes = {
	};
	objectVersion = 48;
	objects = {

/* Begin PBXBuildFile section */
		DAD889DA205DD3A900892942 /* AppDelegate.swift in Sources */ = {isa = PBXBuildFile; fileRef = DAD889D9205DD3A900892942 /* AppDelegate.swift */; };
		DAD889DC205DD3A900892942 /* ViewController.swift in Sources */ = {isa = PBXBuildFile; fileRef = DAD889DB205DD3A900892942 /* ViewController.swift */; };
		DAD889DF205DD3A900892942 /* Main.storyboard in Resources */ = {isa = PBXBuildFile; fileRef = DAD889DD205DD3A900892942 /* Main.storyboard */; };
		DAD889E1205DD3A900892942 /* Assets.xcassets in Resources */ = {isa = PBXBuildFile; fileRef = DAD889E0205DD3A900892942 /* Assets.xcassets */; };
		DAD889E4205DD3A900892942 /* LaunchScreen.storyboard in Resources */ = {isa = PBXBuildFile; fileRef = DAD889E2205DD3A900892942 /* LaunchScreen.storyboard */; };
		DAD889EC205F3C1600892942 /* SoloSet.swift in Sources */ = {isa = PBXBuildFile; fileRef = DAD889EB205F3C1600892942 /* SoloSet.swift */; };
		DAD889EE205F3C7500892942 /* Card.swift in Sources */ = {isa = PBXBuildFile; fileRef = DAD889ED205F3C7500892942 /* Card.swift */; };
/* End PBXBuildFile section */

/* Begin PBXFileReference section */
		DAD889D6205DD3A900892942 /* Solo-Set.app */ = {isa = PBXFileReference; explicitFileType = wrapper.application; includeInIndex = 0; path = "Solo-Set.app"; sourceTree = BUILT_PRODUCTS_DIR; };
		DAD889D9205DD3A900892942 /* AppDelegate.swift */ = {isa = PBXFileReference; lastKnownFileType = sourcecode.swift; path = AppDelegate.swift; sourceTree = "<group>"; };
		DAD889DB205DD3A900892942 /* ViewController.swift */ = {isa = PBXFileReference; lastKnownFileType = sourcecode.swift; path = ViewController.swift; sourceTree = "<group>"; };
		DAD889DE205DD3A900892942 /* Base */ = {isa = PBXFileReference; lastKnownFileType = file.storyboard; name = Base; path = Base.lproj/Main.storyboard; sourceTree = "<group>"; };
		DAD889E0205DD3A900892942 /* Assets.xcassets */ = {isa = PBXFileReference; lastKnownFileType = folder.assetcatalog; path = Assets.xcassets; sourceTree = "<group>"; };
		DAD889E3205DD3A900892942 /* Base */ = {isa = PBXFileReference; lastKnownFileType = file.storyboard; name = Base; path = Base.lproj/LaunchScreen.storyboard; sourceTree = "<group>"; };
		DAD889E5205DD3A900892942 /* Info.plist */ = {isa = PBXFileReference; lastKnownFileType = text.plist.xml; path = Info.plist; sourceTree = "<group>"; };
		DAD889EB205F3C1600892942 /* SoloSet.swift */ = {isa = PBXFileReference; lastKnownFileType = sourcecode.swift; path = SoloSet.swift; sourceTree = "<group>"; };
		DAD889ED205F3C7500892942 /* Card.swift */ = {isa = PBXFileReference; lastKnownFileType = sourcecode.swift; path = Card.swift; sourceTree = "<group>"; };
/* End PBXFileReference section */

/* Begin PBXFrameworksBuildPhase section */
		DAD889D3205DD3A900892942 /* Frameworks */ = {
			isa = PBXFrameworksBuildPhase;
			buildActionMask = 2147483647;
			files = (
			);
			runOnlyForDeploymentPostprocessing = 0;
		};
/* End PBXFrameworksBuildPhase section */

/* Begin PBXGroup section */
		DAD889CD205DD3A900892942 = {
			isa = PBXGroup;
			children = (
				DAD889D8205DD3A900892942 /* Solo-Set */,
				DAD889D7205DD3A900892942 /* Products */,
			);
			sourceTree = "<group>";
		};
		DAD889D7205DD3A900892942 /* Products */ = {
			isa = PBXGroup;
			children = (
				DAD889D6205DD3A900892942 /* Solo-Set.app */,
			);
			name = Products;
			sourceTree = "<group>";
		};
		DAD889D8205DD3A900892942 /* Solo-Set */ = {
			isa = PBXGroup;
			children = (
				DAD889D9205DD3A900892942 /* AppDelegate.swift */,
				DAD889DB205DD3A900892942 /* ViewController.swift */,
				DAD889EB205F3C1600892942 /* SoloSet.swift */,
				DAD889ED205F3C7500892942 /* Card.swift */,
				DAD889DD205DD3A900892942 /* Main.storyboard */,
				DAD889E0205DD3A900892942 /* Assets.xcassets */,
				DAD889E2205DD3A900892942 /* LaunchScreen.storyboard */,
				DAD889E5205DD3A900892942 /* Info.plist */,
			);
			path = "Solo-Set";
			sourceTree = "<group>";
		};
/* End PBXGroup section */

/* Begin PBXNativeTarget section */
		DAD889D5205DD3A900892942 /* Solo-Set */ = {
			isa = PBXNativeTarget;
			buildConfigurationList = DAD889E8205DD3A900892942 /* Build configuration list for PBXNativeTarget "Solo-Set" */;
			buildPhases = (
				DAD889D2205DD3A900892942 /* Sources */,
				DAD889D3205DD3A900892942 /* Frameworks */,
				DAD889D4205DD3A900892942 /* Resources */,
			);
			buildRules = (
			);
			dependencies = (
			);
			name = "Solo-Set";
			productName = "Solo-Set";
			productReference = DAD889D6205DD3A900892942 /* Solo-Set.app */;
			productType = "com.apple.product-type.application";
		};
/* End PBXNativeTarget section */

/* Begin PBXProject section */
		DAD889CE205DD3A900892942 /* Project object */ = {
			isa = PBXProject;
			attributes = {
				LastSwiftUpdateCheck = 0920;
				LastUpgradeCheck = 0920;
				ORGANIZATIONNAME = "William Bohmer";
				TargetAttributes = {
					DAD889D5205DD3A900892942 = {
						CreatedOnToolsVersion = 9.2;
						ProvisioningStyle = Automatic;
					};
				};
			};
			buildConfigurationList = DAD889D1205DD3A900892942 /* Build configuration list for PBXProject "Solo-Set" */;
			compatibilityVersion = "Xcode 8.0";
			developmentRegion = en;
			hasScannedForEncodings = 0;
			knownRegions = (
				en,
				Base,
			);
			mainGroup = DAD889CD205DD3A900892942;
			productRefGroup = DAD889D7205DD3A900892942 /* Products */;
			projectDirPath = "";
			projectRoot = "";
			targets = (
				DAD889D5205DD3A900892942 /* Solo-Set */,
			);
		};
/* End PBXProject section */

/* Begin PBXResourcesBuildPhase section */
		DAD889D4205DD3A900892942 /* Resources */ = {
			isa = PBXResourcesBuildPhase;
			buildActionMask = 2147483647;
			files = (
				DAD889E4205DD3A900892942 /* LaunchScreen.storyboard in Resources */,
				DAD889E1205DD3A900892942 /* Assets.xcassets in Resources */,
				DAD889DF205DD3A900892942 /* Main.storyboard in Resources */,
			);
			runOnlyForDeploymentPostprocessing = 0;
		};
/* End PBXResourcesBuildPhase section */

/* Begin PBXSourcesBuildPhase section */
		DAD889D2205DD3A900892942 /* Sources */ = {
			isa = PBXSourcesBuildPhase;
			buildActionMask = 2147483647;
			files = (
				DAD889DC205DD3A900892942 /* ViewController.swift in Sources */,
				DAD889EC205F3C1600892942 /* SoloSet.swift in Sources */,
				DAD889DA205DD3A900892942 /* AppDelegate.swift in Sources */,
				DAD889EE205F3C7500892942 /* Card.swift in Sources */,
			);
			runOnlyForDeploymentPostprocessing = 0;
		};
/* End PBXSourcesBuildPhase section */

/* Begin PBXVariantGroup section */
		DAD889DD205DD3A900892942 /* Main.storyboard */ = {
			isa = PBXVariantGroup;
			children = (
				DAD889DE205DD3A900892942 /* Base */,
			);
			name = Main.storyboard;
			sourceTree = "<group>";
		};
		DAD889E2205DD3A900892942 /* LaunchScreen.storyboard */ = {
			isa = PBXVariantGroup;
			children = (
				DAD889E3205DD3A900892942 /* Base */,
			);
			name = LaunchScreen.storyboard;
			sourceTree = "<group>";
		};
/* End PBXVariantGroup section */

/* Begin XCBuildConfiguration section */
		DAD889E6205DD3A900892942 /* Debug */ = {
			isa = XCBuildConfiguration;
			buildSettings = {
				ALWAYS_SEARCH_USER_PATHS = NO;
				CLANG_ANALYZER_NONNULL = YES;
				CLANG_ANALYZER_NUMBER_OBJECT_CONVERSION = YES_AGGRESSIVE;
				CLANG_CXX_LANGUAGE_STANDARD = "gnu++14";
				CLANG_CXX_LIBRARY = "libc++";
				CLANG_ENABLE_MODULES = YES;
				CLANG_ENABLE_OBJC_ARC = YES;
				CLANG_WARN_BLOCK_CAPTURE_AUTORELEASING = YES;
				CLANG_WARN_BOOL_CONVERSION = YES;
				CLANG_WARN_COMMA = YES;
				CLANG_WARN_CONSTANT_CONVERSION = YES;
				CLANG_WARN_DIRECT_OBJC_ISA_USAGE = YES_ERROR;
				CLANG_WARN_DOCUMENTATION_COMMENTS = YES;
				CLANG_WARN_EMPTY_BODY = YES;
				CLANG_WARN_ENUM_CONVERSION = YES;
				CLANG_WARN_INFINITE_RECURSION = YES;
				CLANG_WARN_INT_CONVERSION = YES;
				CLANG_WARN_NON_LITERAL_NULL_CONVERSION = YES;
				CLANG_WARN_OBJC_LITERAL_CONVERSION = YES;
				CLANG_WARN_OBJC_ROOT_CLASS = YES_ERROR;
				CLANG_WARN_RANGE_LOOP_ANALYSIS = YES;
				CLANG_WARN_STRICT_PROTOTYPES = YES;
				CLANG_WARN_SUSPICIOUS_MOVE = YES;
				CLANG_WARN_UNGUARDED_AVAILABILITY = YES_AGGRESSIVE;
				CLANG_WARN_UNREACHABLE_CODE = YES;
				CLANG_WARN__DUPLICATE_METHOD_MATCH = YES;
				CODE_SIGN_IDENTITY = "iPhone Developer";
				COPY_PHASE_STRIP = NO;
				DEBUG_INFORMATION_FORMAT = dwarf;
				ENABLE_STRICT_OBJC_MSGSEND = YES;
				ENABLE_TESTABILITY = YES;
				GCC_C_LANGUAGE_STANDARD = gnu11;
				GCC_DYNAMIC_NO_PIC = NO;
				GCC_NO_COMMON_BLOCKS = YES;
				GCC_OPTIMIZATION_LEVEL = 0;
				GCC_PREPROCESSOR_DEFINITIONS = (
					"DEBUG=1",
					"$(inherited)",
				);
				GCC_WARN_64_TO_32_BIT_CONVERSION = YES;
				GCC_WARN_ABOUT_RETURN_TYPE = YES_ERROR;
				GCC_WARN_UNDECLARED_SELECTOR = YES;
				GCC_WARN_UNINITIALIZED_AUTOS = YES_AGGRESSIVE;
				GCC_WARN_UNUSED_FUNCTION = YES;
				GCC_WARN_UNUSED_VARIABLE = YES;
				IPHONEOS_DEPLOYMENT_TARGET = 11.2;
				MTL_ENABLE_DEBUG_INFO = YES;
				ONLY_ACTIVE_ARCH = YES;
				SDKROOT = iphoneos;
				SWIFT_ACTIVE_COMPILATION_CONDITIONS = DEBUG;
				SWIFT_OPTIMIZATION_LEVEL = "-Onone";
			};
			name = Debug;
		};
		DAD889E7205DD3A900892942 /* Release */ = {
			isa = XCBuildConfiguration;
			buildSettings = {
				ALWAYS_SEARCH_USER_PATHS = NO;
				CLANG_ANALYZER_NONNULL = YES;
				CLANG_ANALYZER_NUMBER_OBJECT_CONVERSION = YES_AGGRESSIVE;
				CLANG_CXX_LANGUAGE_STANDARD = "gnu++14";
				CLANG_CXX_LIBRARY = "libc++";
				CLANG_ENABLE_MODULES = YES;
				CLANG_ENABLE_OBJC_ARC = YES;
				CLANG_WARN_BLOCK_CAPTURE_AUTORELEASING = YES;
				CLANG_WARN_BOOL_CONVERSION = YES;
				CLANG_WARN_COMMA = YES;
				CLANG_WARN_CONSTANT_CONVERSION = YES;
				CLANG_WARN_DIRECT_OBJC_ISA_USAGE = YES_ERROR;
				CLANG_WARN_DOCUMENTATION_COMMENTS = YES;
				CLANG_WARN_EMPTY_BODY = YES;
				CLANG_WARN_ENUM_CONVERSION = YES;
				CLANG_WARN_INFINITE_RECURSION = YES;
				CLANG_WARN_INT_CONVERSION = YES;
				CLANG_WARN_NON_LITERAL_NULL_CONVERSION = YES;
				CLANG_WARN_OBJC_LITERAL_CONVERSION = YES;
				CLANG_WARN_OBJC_ROOT_CLASS = YES_ERROR;
				CLANG_WARN_RANGE_LOOP_ANALYSIS = YES;
				CLANG_WARN_STRICT_PROTOTYPES = YES;
				CLANG_WARN_SUSPICIOUS_MOVE = YES;
				CLANG_WARN_UNGUARDED_AVAILABILITY = YES_AGGRESSIVE;
				CLANG_WARN_UNREACHABLE_CODE = YES;
				CLANG_WARN__DUPLICATE_METHOD_MATCH = YES;
				CODE_SIGN_IDENTITY = "iPhone Developer";
				COPY_PHASE_STRIP = NO;
				DEBUG_INFORMATION_FORMAT = "dwarf-with-dsym";
				ENABLE_NS_ASSERTIONS = NO;
				ENABLE_STRICT_OBJC_MSGSEND = YES;
				GCC_C_LANGUAGE_STANDARD = gnu11;
				GCC_NO_COMMON_BLOCKS = YES;
				GCC_WARN_64_TO_32_BIT_CONVERSION = YES;
				GCC_WARN_ABOUT_RETURN_TYPE = YES_ERROR;
				GCC_WARN_UNDECLARED_SELECTOR = YES;
				GCC_WARN_UNINITIALIZED_AUTOS = YES_AGGRESSIVE;
				GCC_WARN_UNUSED_FUNCTION = YES;
				GCC_WARN_UNUSED_VARIABLE = YES;
				IPHONEOS_DEPLOYMENT_TARGET = 11.2;
				MTL_ENABLE_DEBUG_INFO = NO;
				SDKROOT = iphoneos;
				SWIFT_OPTIMIZATION_LEVEL = "-Owholemodule";
				VALIDATE_PRODUCT = YES;
			};
			name = Release;
		};
		DAD889E9205DD3A900892942 /* Debug */ = {
			isa = XCBuildConfiguration;
			buildSettings = {
				ASSETCATALOG_COMPILER_APPICON_NAME = AppIcon;
				CODE_SIGN_STYLE = Automatic;
				DEVELOPMENT_TEAM = ZH5KN6M4ML;
				INFOPLIST_FILE = "Solo-Set/Info.plist";
				LD_RUNPATH_SEARCH_PATHS = "$(inherited) @executable_path/Frameworks";
				PRODUCT_BUNDLE_IDENTIFIER = "info.roguewaves.Solo-Set";
				PRODUCT_NAME = "$(TARGET_NAME)";
				SWIFT_VERSION = 4.0;
				TARGETED_DEVICE_FAMILY = "1,2";
			};
			name = Debug;
		};
		DAD889EA205DD3A900892942 /* Release */ = {
			isa = XCBuildConfiguration;
			buildSettings = {
				ASSETCATALOG_COMPILER_APPICON_NAME = AppIcon;
				CODE_SIGN_STYLE = Automatic;
				DEVELOPMENT_TEAM = ZH5KN6M4ML;
				INFOPLIST_FILE = "Solo-Set/Info.plist";
				LD_RUNPATH_SEARCH_PATHS = "$(inherited) @executable_path/Frameworks";
				PRODUCT_BUNDLE_IDENTIFIER = "info.roguewaves.Solo-Set";
				PRODUCT_NAME = "$(TARGET_NAME)";
				SWIFT_VERSION = 4.0;
				TARGETED_DEVICE_FAMILY = "1,2";
			};
			name = Release;
		};
/* End XCBuildConfiguration section */

/* Begin XCConfigurationList section */
		DAD889D1205DD3A900892942 /* Build configuration list for PBXProject "Solo-Set" */ = {
			isa = XCConfigurationList;
			buildConfigurations = (
				DAD889E6205DD3A900892942 /* Debug */,
				DAD889E7205DD3A900892942 /* Release */,
			);
			defaultConfigurationIsVisible = 0;
			defaultConfigurationName = Release;
		};
		DAD889E8205DD3A900892942 /* Build configuration list for PBXNativeTarget "Solo-Set" */ = {
			isa = XCConfigurationList;
			buildConfigurations = (
				DAD889E9205DD3A900892942 /* Debug */,
				DAD889EA205DD3A900892942 /* Release */,
			);
			defaultConfigurationIsVisible = 0;
			defaultConfigurationName = Release;
		};
/* End XCConfigurationList section */
	};
	rootObject = DAD889CE205DD3A900892942 /* Project object */;
}
